
Microsoft Visual Studio Solution File, Format Version 12.00
# Visual Studio Version 16
VisualStudioVersion = 16.0.30907.101
MinimumVisualStudioVersion = 10.0.40219.1
Project("{FAE04EC0-301F-11D3-BF4B-00C04F79EFBC}") = "Vidly.WebApp", "Vidly.WebApp\Vidly.WebApp.csproj", "{440115BC-A512-4B41-BB7F-9631F7A7ED11}"
EndProject
Project("{FAE04EC0-301F-11D3-BF4B-00C04F79EFBC}") = "Vidly.WebApp.Tests", "Vidly.WebApp.Tests\Vidly.WebApp.Tests.csproj", "{3FB1FC12-F242-43D3-984A-3669EF8BC23E}"
EndProject
Global
	GlobalSection(SolutionConfigurationPlatforms) = preSolution
		Debug|Any CPU = Debug|Any CPU
		Release|Any CPU = Release|Any CPU
	EndGlobalSection
	GlobalSection(ProjectConfigurationPlatforms) = postSolution
		{440115BC-A512-4B41-BB7F-9631F7A7ED11}.Debug|Any CPU.ActiveCfg = Debug|Any CPU
		{440115BC-A512-4B41-BB7F-9631F7A7ED11}.Debug|Any CPU.Build.0 = Debug|Any CPU
		{440115BC-A512-4B41-BB7F-9631F7A7ED11}.Release|Any CPU.ActiveCfg = Release|Any CPU
		{440115BC-A512-4B41-BB7F-9631F7A7ED11}.Release|Any CPU.Build.0 = Release|Any CPU
		{3FB1FC12-F242-43D3-984A-3669EF8BC23E}.Debug|Any CPU.ActiveCfg = Debug|Any CPU
		{3FB1FC12-F242-43D3-984A-3669EF8BC23E}.Debug|Any CPU.Build.0 = Debug|Any CPU
		{3FB1FC12-F242-43D3-984A-3669EF8BC23E}.Release|Any CPU.ActiveCfg = Release|Any CPU
		{3FB1FC12-F242-43D3-984A-3669EF8BC23E}.Release|Any CPU.Build.0 = Release|Any CPU
	EndGlobalSection
	GlobalSection(SolutionProperties) = preSolution
		HideSolutionNode = FALSE
	EndGlobalSection
	GlobalSection(ExtensibilityGlobals) = postSolution
		SolutionGuid = {C55EF843-748C-4968-8474-3B822099DC54}
	EndGlobalSection
EndGlobal
